
Microsoft Visual Studio Solution File, Format Version 12.00
Project("{FAE04EC0-301F-11D3-BF4B-00C04F79EFBC}") = "Dominos.Api", "src\Dominos.Api\Dominos.Api.csproj", "{10A1A54A-8E44-4AC5-8E92-9117FE2CB6FF}"
EndProject
Global
	GlobalSection(SolutionConfigurationPlatforms) = preSolution
		Debug|Any CPU = Debug|Any CPU
		Release|Any CPU = Release|Any CPU
	EndGlobalSection
	GlobalSection(ProjectConfigurationPlatforms) = postSolution
		{10A1A54A-8E44-4AC5-8E92-9117FE2CB6FF}.Debug|Any CPU.ActiveCfg = Debug|Any CPU
		{10A1A54A-8E44-4AC5-8E92-9117FE2CB6FF}.Debug|Any CPU.Build.0 = Debug|Any CPU
		{10A1A54A-8E44-4AC5-8E92-9117FE2CB6FF}.Release|Any CPU.ActiveCfg = Release|Any CPU
		{10A1A54A-8E44-4AC5-8E92-9117FE2CB6FF}.Release|Any CPU.Build.0 = Release|Any CPU
	EndGlobalSection
EndGlobal
